
Microsoft Visual Studio Solution File, Format Version 12.00
# Visual Studio Version 17
VisualStudioVersion = 17.13.35828.75 d17.13
MinimumVisualStudioVersion = 10.0.40219.1
Project("{FAE04EC0-301F-11D3-BF4B-00C04F79EFBC}") = "Work", "Work.csproj", "{0BBBA831-4738-4F99-BC03-752E6ADFD8CD}"
EndProject
Global
	GlobalSection(SolutionConfigurationPlatforms) = preSolution
		Debug|Any CPU = Debug|Any CPU
		Release|Any CPU = Release|Any CPU
	EndGlobalSection
	GlobalSection(ProjectConfigurationPlatforms) = postSolution
		{0BBBA831-4738-4F99-BC03-752E6ADFD8CD}.Debug|Any CPU.ActiveCfg = Debug|Any CPU
		{0BBBA831-4738-4F99-BC03-752E6ADFD8CD}.Debug|Any CPU.Build.0 = Debug|Any CPU
		{0BBBA831-4738-4F99-BC03-752E6ADFD8CD}.Release|Any CPU.ActiveCfg = Release|Any CPU
		{0BBBA831-4738-4F99-BC03-752E6ADFD8CD}.Release|Any CPU.Build.0 = Release|Any CPU
	EndGlobalSection
	GlobalSection(SolutionProperties) = preSolution
		HideSolutionNode = FALSE
	EndGlobalSection
	GlobalSection(ExtensibilityGlobals) = postSolution
		SolutionGuid = {5599314D-3235-4FBE-A109-8C6B5C6B9B7D}
	EndGlobalSection
EndGlobal
